# This file is automatically @generated by Poetry 1.5.1 and should not be changed by hand.

[[package]]
name = "website"
version = "1.1"
description = "HTML to HTML transformer"
optional = false
python-versions = "*"
files = [
    {file = "website-1.1.tar.gz", hash = "sha256:567a72bd78cd954a99a0afa8d4fddf5360025e3e9527f236e2993f421d747f2e"},
]

[metadata]
lock-version = "2.0"
python-versions = ">=3.10.0,<3.11"
content-hash = "21fc6a77aea9793b812d700fb5cbaf6dcee70e46504037d1c66035f07c6a9e9a"
